schema: '2.0'
stages:
  train:
    cmd: python src/main.py
    deps:
    - path: ds
      hash: md5
      md5: e42b38a657f0652d0ebfbb6d23e6ae19.dir
      size: 229064231
      nfiles: 10012
    - path: params.yaml
      hash: md5
      md5: 3628e8497c727d16a7fedeaaaa2946d2
      size: 128
      isexec: true
    - path: src
      hash: md5
      md5: 0e237a00ec3b0a5da257e4cbc0af66fd.dir
      size: 3389
      nfiles: 1
