schema: '2.0'
stages:
  train:
    cmd: python src/main.py
    deps:
    - path: ds
      hash: md5
      md5: 4f91617f20161bf36e42f600f1ac4093.dir
      size: 55535807
      nfiles: 2334
    - path: params.yaml
      hash: md5
      md5: 5791c6499c4437ff087d69589560243c
      size: 129
    - path: src
      hash: md5
      md5: 0e237a00ec3b0a5da257e4cbc0af66fd.dir
      size: 3389
      nfiles: 1
